
Microsoft Visual Studio Solution File, Format Version 12.00
# Visual Studio Version 17
VisualStudioVersion = 17.8.34525.116
MinimumVisualStudioVersion = 10.0.40219.1
Project("{FAE04EC0-301F-11D3-BF4B-00C04F79EFBC}") = "TDMSToCSV", "TDMSToCSV\TDMSToCSV.csproj", "{0ADCF10F-79B9-4462-8F72-722A18BA7461}"
EndProject
Project("{2150E333-8FDC-42A3-9474-1A3956D46DE8}") = "Solution Items", "Solution Items", "{728FF908-65B3-462D-AAF2-EAB326B5E064}"
	ProjectSection(SolutionItems) = preProject
		README.md = README.md
	EndProjectSection
EndProject
Global
	GlobalSection(SolutionConfigurationPlatforms) = preSolution
		Debug|Any CPU = Debug|Any CPU
		Release|Any CPU = Release|Any CPU
	EndGlobalSection
	GlobalSection(ProjectConfigurationPlatforms) = postSolution
		{0ADCF10F-79B9-4462-8F72-722A18BA7461}.Debug|Any CPU.ActiveCfg = Debug|Any CPU
		{0ADCF10F-79B9-4462-8F72-722A18BA7461}.Debug|Any CPU.Build.0 = Debug|Any CPU
		{0ADCF10F-79B9-4462-8F72-722A18BA7461}.Release|Any CPU.ActiveCfg = Release|Any CPU
		{0ADCF10F-79B9-4462-8F72-722A18BA7461}.Release|Any CPU.Build.0 = Release|Any CPU
	EndGlobalSection
	GlobalSection(SolutionProperties) = preSolution
		HideSolutionNode = FALSE
	EndGlobalSection
	GlobalSection(ExtensibilityGlobals) = postSolution
		SolutionGuid = {32030405-62E6-4F74-A138-5CC580581768}
	EndGlobalSection
EndGlobal
